
Microsoft Visual Studio Solution File, Format Version 12.00
# Visual Studio 15
VisualStudioVersion = 15.0.28010.2036
MinimumVisualStudioVersion = 10.0.40219.1
Project("{FAE04EC0-301F-11D3-BF4B-00C04F79EFBC}") = "Banking", "Banking\Banking.csproj", "{0AC29DCC-87F9-40B5-BD94-6B9CD0E5EF0E}"
EndProject
Global
	GlobalSection(SolutionConfigurationPlatforms) = preSolution
		Debug|Any CPU = Debug|Any CPU
		Release|Any CPU = Release|Any CPU
	EndGlobalSection
	GlobalSection(ProjectConfigurationPlatforms) = postSolution
		{0AC29DCC-87F9-40B5-BD94-6B9CD0E5EF0E}.Debug|Any CPU.ActiveCfg = Debug|Any CPU
		{0AC29DCC-87F9-40B5-BD94-6B9CD0E5EF0E}.Debug|Any CPU.Build.0 = Debug|Any CPU
		{0AC29DCC-87F9-40B5-BD94-6B9CD0E5EF0E}.Release|Any CPU.ActiveCfg = Release|Any CPU
		{0AC29DCC-87F9-40B5-BD94-6B9CD0E5EF0E}.Release|Any CPU.Build.0 = Release|Any CPU
	EndGlobalSection
	GlobalSection(SolutionProperties) = preSolution
		HideSolutionNode = FALSE
	EndGlobalSection
	GlobalSection(ExtensibilityGlobals) = postSolution
		SolutionGuid = {3A4F9EF7-8D31-4D41-85EC-6A39DD39805B}
	EndGlobalSection
EndGlobal
